
Microsoft Visual Studio Solution File, Format Version 12.00
# Visual Studio 15
VisualStudioVersion = 15.0.27130.2027
MinimumVisualStudioVersion = 10.0.40219.1
Project("{FAE04EC0-301F-11D3-BF4B-00C04F79EFBC}") = "Mvc_Imagem", "Mvc_Imagem\Mvc_Imagem.csproj", "{3244B241-F9AE-44AC-8C60-F2C0489A40DD}"
EndProject
Global
	GlobalSection(SolutionConfigurationPlatforms) = preSolution
		Debug|Any CPU = Debug|Any CPU
		Release|Any CPU = Release|Any CPU
	EndGlobalSection
	GlobalSection(ProjectConfigurationPlatforms) = postSolution
		{3244B241-F9AE-44AC-8C60-F2C0489A40DD}.Debug|Any CPU.ActiveCfg = Debug|Any CPU
		{3244B241-F9AE-44AC-8C60-F2C0489A40DD}.Debug|Any CPU.Build.0 = Debug|Any CPU
		{3244B241-F9AE-44AC-8C60-F2C0489A40DD}.Release|Any CPU.ActiveCfg = Release|Any CPU
		{3244B241-F9AE-44AC-8C60-F2C0489A40DD}.Release|Any CPU.Build.0 = Release|Any CPU
	EndGlobalSection
	GlobalSection(SolutionProperties) = preSolution
		HideSolutionNode = FALSE
	EndGlobalSection
	GlobalSection(ExtensibilityGlobals) = postSolution
		SolutionGuid = {7E72F4C8-F359-480B-AC49-BDD6B2467D0C}
	EndGlobalSection
EndGlobal
